{
  "name": "dsh-search-router",
  "version": "0.3.0",
  "lockfileVersion": 3,
  "requires": true,
  "packages": {
    "": {
      "name": "dsh-search-router",
      "version": "0.3.0",
      "license": "MIT",
      "dependencies": {
        "@deepseek-ai/schemastery": "^3.18.1"
      },
      "devDependencies": {
        "@deepseek-ai/cordis": "^4.0.1",
        "@deepseek-ai/dsh-settings-file": "^0.1.1-rc.2",
        "@deepseek-ai/dsh-web": "^0.1.1-rc.2"
      }
    },
    "node_modules/.pnpm/@deepseek-ai+cosmokit@1.8.2/node_modules/@deepseek-ai/cosmokit": {
      "version": "1.8.2",
      "extraneous": true,
      "license": "MIT"
    },
    "node_modules/.pnpm/@deepseek-ai+schemastery@3.18.1": {
      "dev": true,
      "optional": true,
      "peer": true
    },
    "node_modules/.pnpm/@deepseek-ai+schemastery@3.18.1/node_modules/@deepseek-ai/schemastery": {
      "version": "3.18.1",
      "license": "MIT",
      "dependencies": {
        "@deepseek-ai/cosmokit": "^1.8.2",
        "@standard-schema/spec": "^1.1.0"
      }
    },
    "node_modules/.pnpm/@standard-schema+spec@1.1.0/node_modules/@standard-schema/spec": {
      "version": "1.1.0",
      "extraneous": true,
      "license": "MIT",
      "devDependencies": {
        "tsup": "^8.3.0",
        "typescript": "^5.6.2"
      }
    },
    "node_modules/@deepseek-ai/cordis": {
      "version": "4.0.1",
      "resolved": "https://registry.npmjs.org/@deepseek-ai/cordis/-/cordis-4.0.1.tgz",
      "integrity": "sha512-YBdskTU2Po1kru3GgcUWUbkTsPMA9LkSQDAY8rBkFJeajdgcQad3QPJZE26JyK99Xb6HaASvoXg2DSUTeN/0Nw==",
      "dev": true,
      "license": "MIT",
      "dependencies": {
        "@deepseek-ai/cosmokit": "^1.8.2",
        "@standard-schema/spec": "^1.1.0"
      },
      "bin": {
        "cordis": "bin.js"
      },
      "peerDependencies": {
        "@deepseek-ai/cordis-plugin-include": "^1.0.6",
        "@deepseek-ai/cordis-plugin-loader": "^1.0.2"
      },
      "peerDependenciesMeta": {
        "@deepseek-ai/cordis-plugin-include": {
          "optional": true
        },
        "@deepseek-ai/cordis-plugin-loader": {
          "optional": true
        }
      }
    },
    "node_modules/@deepseek-ai/cosmokit": {
      "version": "1.8.2",
      "resolved": "https://registry.npmjs.org/@deepseek-ai/cosmokit/-/cosmokit-1.8.2.tgz",
      "integrity": "sha512-muBOKtSrUKU5m/xpq8ZXWL6hQ/jgd4PhU2PqH97bcxIiLEJfNwZOGQEx4t/aS/GgxRAR+ra9pMHPMtTHU4sqqA==",
      "license": "MIT"
    },
    "node_modules/@deepseek-ai/dsh-atomic-write": {
      "version": "0.1.1-rc.2",
      "resolved": "https://registry.npmjs.org/@deepseek-ai/dsh-atomic-write/-/dsh-atomic-write-0.1.1-rc.2.tgz",
      "integrity": "sha512-QqNSF0+Ddn6qWY480dlilwEy6FLv3JKEWx1UQgoNJrxD4y54SDRzqBQB9yDXWKOoOGyC+05TN6/Px10GNIzMWA==",
      "dev": true,
      "license": "MIT",
      "peer": true,
      "peerDependencies": {
        "@deepseek-ai/cordis": "^4.0.1",
        "@deepseek-ai/dsh-invariants": "^0.1.1-rc.2"
      }
    },
    "node_modules/@deepseek-ai/dsh-attachment": {
      "version": "0.1.1-rc.2",
      "resolved": "https://registry.npmjs.org/@deepseek-ai/dsh-attachment/-/dsh-attachment-0.1.1-rc.2.tgz",
      "integrity": "sha512-rCYAt8QsawP1yfDCU7XxNwYT/XWvyFsxYrkwhLLkdfW83QVD0CQHizSkTQE7RFX74nKUD1z3sTLfnLr7xneArw==",
      "dev": true,
      "license": "MIT",
      "peer": true,
      "peerDependencies": {
        "@deepseek-ai/cordis": "^4.0.1",
        "@deepseek-ai/dsh-brand": "^0.1.1-rc.2",
        "@deepseek-ai/dsh-invariants": "^0.1.1-rc.2"
      }
    },
    "node_modules/@deepseek-ai/dsh-brand": {
      "version": "0.1.1-rc.2",
      "resolved": "https://registry.npmjs.org/@deepseek-ai/dsh-brand/-/dsh-brand-0.1.1-rc.2.tgz",
      "integrity": "sha512-8vXsAXoUdzKAgvd/E9DgyT6HKmR6ZM4rtJ3fs/XoJ6n2kBk4tWil8Lv+jxCMWJeMOnTJF55gu2+NWQ3ECFPtJw==",
      "dev": true,
      "license": "MIT",
      "peer": true,
      "peerDependencies": {
        "@deepseek-ai/cordis": "^4.0.1",
        "@deepseek-ai/dsh-invariants": "^0.1.1-rc.2"
      }
    },
    "node_modules/@deepseek-ai/dsh-home-paths": {
      "version": "0.1.1-rc.2",
      "resolved": "https://registry.npmjs.org/@deepseek-ai/dsh-home-paths/-/dsh-home-paths-0.1.1-rc.2.tgz",
      "integrity": "sha512-lGsP7sbnu20AiRAb+gxYiKx9oa9r1D/8Fr6BwWHXpaPx6ZE4Qg0+ybh5SZVfGQ+XhLcQisu3nwWemEjtTJGiig==",
      "dev": true,
      "license": "MIT",
      "peer": true,
      "peerDependencies": {
        "@deepseek-ai/cordis": "^4.0.1",
        "@deepseek-ai/dsh-invariants": "^0.1.1-rc.2"
      }
    },
    "node_modules/@deepseek-ai/dsh-invariants": {
      "version": "0.1.1-rc.2",
      "resolved": "https://registry.npmjs.org/@deepseek-ai/dsh-invariants/-/dsh-invariants-0.1.1-rc.2.tgz",
      "integrity": "sha512-l+1Om/EDFyMjhgSuEx2WDLLA2fia/+ga9mBTCoT/MMslsnWaK5G0/lWwbwlTBSaJ6OfmYc3DuBgox8DbgIGHRQ==",
      "dev": true,
      "license": "MIT",
      "peer": true,
      "dependencies": {
        "@deepseek-ai/schemastery": "^3.18.1"
      },
      "peerDependencies": {
        "@deepseek-ai/cordis": "^4.0.1"
      }
    },
    "node_modules/@deepseek-ai/dsh-llm": {
      "version": "0.1.1-rc.2",
      "resolved": "https://registry.npmjs.org/@deepseek-ai/dsh-llm/-/dsh-llm-0.1.1-rc.2.tgz",
      "integrity": "sha512-ASJfjIdZbIXvLwi3rGo+eZb/GxMVV/WO5/XVD3B96mT8EIzrlw3+nMR6/CvmJVzcycKQ2XN0wj7jD6TasPRySA==",
      "dev": true,
      "license": "MIT",
      "peer": true,
      "dependencies": {
        "@deepseek-ai/schemastery": "^3.18.1"
      },
      "peerDependencies": {
        "@deepseek-ai/cordis": "^4.0.1",
        "@deepseek-ai/dsh-attachment": "^0.1.1-rc.2",
        "@deepseek-ai/dsh-brand": "^0.1.1-rc.2",
        "@deepseek-ai/dsh-invariants": "^0.1.1-rc.2",
        "@deepseek-ai/dsh-timeout": "^0.1.1-rc.2"
      }
    },
    "node_modules/@deepseek-ai/dsh-settings": {
      "version": "0.1.1-rc.2",
      "resolved": "https://registry.npmjs.org/@deepseek-ai/dsh-settings/-/dsh-settings-0.1.1-rc.2.tgz",
      "integrity": "sha512-iGdKEt91Im3gE7xA9CzRfTJsPcFcxDeDOCLhAjzbpjEv7TAjx/EoYP7lPtiy+QmOjKSKy206SEtAKol9PXWbOw==",
      "dev": true,
      "license": "MIT",
      "peer": true,
      "peerDependencies": {
        "@deepseek-ai/cordis": "^4.0.1",
        "@deepseek-ai/dsh-brand": "^0.1.1-rc.2",
        "@deepseek-ai/dsh-invariants": "^0.1.1-rc.2",
        "@deepseek-ai/schemastery": "^3.18.1"
      }
    },
    "node_modules/@deepseek-ai/dsh-settings-file": {
      "version": "0.1.1-rc.2",
      "resolved": "https://registry.npmjs.org/@deepseek-ai/dsh-settings-file/-/dsh-settings-file-0.1.1-rc.2.tgz",
      "integrity": "sha512-6EKER/KLEOwmTkB0AMb/Or/UVkeaqxisZ4WKo+tgsYyJYDTBTDOZjVRz+nedK7vLj1AH8JiEKvmAf6FMxkZvrw==",
      "dev": true,
      "license": "MIT",
      "dependencies": {
        "@deepseek-ai/schemastery": "^3.18.1",
        "chokidar": "^4.0.3",
        "yaml": "^2.9.0"
      },
      "peerDependencies": {
        "@deepseek-ai/cordis": "^4.0.1",
        "@deepseek-ai/dsh-atomic-write": "^0.1.1-rc.2",
        "@deepseek-ai/dsh-home-paths": "^0.1.1-rc.2",
        "@deepseek-ai/dsh-invariants": "^0.1.1-rc.2",
        "@deepseek-ai/dsh-settings": "^0.1.1-rc.2"
      }
    },
    "node_modules/@deepseek-ai/dsh-timeout": {
      "version": "0.1.1-rc.2",
      "resolved": "https://registry.npmjs.org/@deepseek-ai/dsh-timeout/-/dsh-timeout-0.1.1-rc.2.tgz",
      "integrity": "sha512-RrouVgU3G5gXr9zHhpThkMG6YKdcRJzXXdPm1dq3ioBxbvxlfMSfNY4tN8lWMJxLyGtvWkPra0HQX+YWxvdOOA==",
      "dev": true,
      "license": "MIT",
      "peer": true,
      "peerDependencies": {
        "@deepseek-ai/cordis": "^4.0.1",
        "@deepseek-ai/dsh-invariants": "^0.1.1-rc.2"
      }
    },
    "node_modules/@deepseek-ai/dsh-web": {
      "version": "0.1.1-rc.2",
      "resolved": "https://registry.npmjs.org/@deepseek-ai/dsh-web/-/dsh-web-0.1.1-rc.2.tgz",
      "integrity": "sha512-Rtikc8RUlfx6m9+hYvKB3JlAD34PrI2UFHEu1h8UMb7pM/ulIRpjBF7TPlg537WRK4ufCysqCJm0RheNMoYCcQ==",
      "dev": true,
      "license": "MIT",
      "dependencies": {
        "@deepseek-ai/schemastery": "^3.18.1"
      },
      "peerDependencies": {
        "@deepseek-ai/cordis": "^4.0.1",
        "@deepseek-ai/dsh-invariants": "^0.1.1-rc.2",
        "@deepseek-ai/dsh-llm": "^0.1.1-rc.2"
      }
    },
    "node_modules/@deepseek-ai/schemastery": {
      "resolved": "node_modules/.pnpm/@deepseek-ai+schemastery@3.18.1/node_modules/@deepseek-ai/schemastery",
      "link": true
    },
    "node_modules/@standard-schema/spec": {
      "version": "1.1.0",
      "resolved": "https://registry.npmjs.org/@standard-schema/spec/-/spec-1.1.0.tgz",
      "integrity": "sha512-l2aFy5jALhniG5HgqrD6jXLi/rUWrKvqN/qJx6yoJsgKhblVd+iqqU4RCXavm/jPityDo5TCvKMnpjKnOriy0w==",
      "license": "MIT"
    },
    "node_modules/chokidar": {
      "version": "4.0.3",
      "resolved": "https://registry.npmjs.org/chokidar/-/chokidar-4.0.3.tgz",
      "integrity": "sha512-Qgzu8kfBvo+cA4962jnP1KkS6Dop5NS6g7R5LFYJr4b8Ub94PPQXUksCw9PvXoeXPRRddRNC5C1JQUR2SMGtnA==",
      "dev": true,
      "license": "MIT",
      "dependencies": {
        "readdirp": "^4.0.1"
      },
      "engines": {
        "node": ">= 14.16.0"
      },
      "funding": {
        "url": "https://paulmillr.com/funding/"
      }
    },
    "node_modules/readdirp": {
      "version": "4.1.2",
      "resolved": "https://registry.npmjs.org/readdirp/-/readdirp-4.1.2.tgz",
      "integrity": "sha512-GDhwkLfywWL2s6vEjyhri+eXmfH6j1L7JE27WhqLeYzoh/A3DBaYGEj2H/HFZCn/kMfim73FXxEJTw06WtxQwg==",
      "dev": true,
      "license": "MIT",
      "engines": {
        "node": ">= 14.18.0"
      },
      "funding": {
        "type": "individual",
        "url": "https://paulmillr.com/funding/"
      }
    },
    "node_modules/yaml": {
      "version": "2.9.0",
      "resolved": "https://registry.npmjs.org/yaml/-/yaml-2.9.0.tgz",
      "integrity": "sha512-2AvhNX3mb8zd6Zy7INTtSpl1F15HW6Wnqj0srWlkKLcpYl/gMIMJiyuGq2KeI2YFxUPjdlB+3Lc10seMLtL4cA==",
      "dev": true,
      "license": "ISC",
      "bin": {
        "yaml": "bin.mjs"
      },
      "engines": {
        "node": ">= 14.6"
      },
      "funding": {
        "url": "https://github.com/sponsors/eemeli"
      }
    }
  }
}
